
Microsoft Visual Studio Solution File, Format Version 12.00
# Visual Studio Version 17
VisualStudioVersion = 17.1.32414.318
MinimumVisualStudioVersion = 10.0.40219.1
Project("{FAE04EC0-301F-11D3-BF4B-00C04F79EFBC}") = "GenericTest", "GenericTest.csproj", "{544B50DC-B055-4205-8304-6CF4176CCDBB}"
EndProject
Global
	GlobalSection(SolutionConfigurationPlatforms) = preSolution
		Debug|Any CPU = Debug|Any CPU
		Release|Any CPU = Release|Any CPU
	EndGlobalSection
	GlobalSection(ProjectConfigurationPlatforms) = postSolution
		{544B50DC-B055-4205-8304-6CF4176CCDBB}.Debug|Any CPU.ActiveCfg = Debug|Any CPU
		{544B50DC-B055-4205-8304-6CF4176CCDBB}.Debug|Any CPU.Build.0 = Debug|Any CPU
		{544B50DC-B055-4205-8304-6CF4176CCDBB}.Release|Any CPU.ActiveCfg = Release|Any CPU
		{544B50DC-B055-4205-8304-6CF4176CCDBB}.Release|Any CPU.Build.0 = Release|Any CPU
	EndGlobalSection
	GlobalSection(SolutionProperties) = preSolution
		HideSolutionNode = FALSE
	EndGlobalSection
	GlobalSection(ExtensibilityGlobals) = postSolution
		SolutionGuid = {A835A7DA-7CB1-46E5-B505-A4F41952EE8F}
	EndGlobalSection
EndGlobal
